<?xml version="1.0" encoding="utf-8"?>
<Project ToolsVersion="4.0" xmlns="http://schemas.microsoft.com/developer/msbuild/2003">
  <ItemGroup>
    <Filter Include="Source Files">
      <UniqueIdentifier>{4FC737F1-C7A5-4376-A066-2A32D752A2FF}</UniqueIdentifier>
      <Extensions>cpp;c;cc;cxx;def;odl;idl;hpj;bat;asm;asmx</Extensions>
    </Filter>
    <Filter Include="Header Files">
      <UniqueIdentifier>{93995380-89BD-4b04-88EB-625FBE52EBFB}</UniqueIdentifier>
      <Extensions>h;hh;hpp;hxx;hm;inl;inc;xsd</Extensions>
    </Filter>
    <Filter Include="Resource Files">
      <UniqueIdentifier>{67DA6AB6-F800-4c08-8B7A-83BB121AAD01}</UniqueIdentifier>
      <Extensions>rc;ico;cur;bmp;dlg;rc2;rct;bin;rgs;gif;jpg;jpeg;jpe;resx;tiff;tif;png;wav;mfcribbon-ms</Extensions>
    </Filter>
    <Filter Include="Header Files\chip8">
      <UniqueIdentifier>{c2f6b216-2c45-4495-94c2-cd548f548398}</UniqueIdentifier>
    </Filter>
    <Filter Include="Source Files\chip8">
      <UniqueIdentifier>{d9ac6a8c-eb81-4969-92e2-9767b46863c8}</UniqueIdentifier>
    </Filter>
    <Filter Include="Header Files\gameboy">
      <UniqueIdentifier>{8269a017-0245-47da-a70a-24750bbc3b6a}</UniqueIdentifier>
    </Filter>
    <Filter Include="Source Files\gameboy">
      <UniqueIdentifier>{3d389828-778d-4c53-a767-1d26d02c0031}</UniqueIdentifier>
    </Filter>
    <Filter Include="Resource Files\Gameboy">
      <UniqueIdentifier>{726ba02c-4cf3-46af-be92-705b6ad8acbd}</UniqueIdentifier>
    </Filter>
    <Filter Include="Resource Files\General Purpose">
      <UniqueIdentifier>{f05c62aa-0ceb-4e30-8687-34c230c2b7f4}</UniqueIdentifier>
    </Filter>
  </ItemGroup>
  <ItemGroup>
    <ClInclude Include="chip8.h">
      <Filter>Header Files\chip8</Filter>
    </ClInclude>
    <ClInclude Include="mainChip8.h">
      <Filter>Header Files\chip8</Filter>
    </ClInclude>
    <ClInclude Include="gameboy.h_old">
      <Filter>Header Files\gameboy</Filter>
    </ClInclude>
    <ClInclude Include="gameboy.h">
      <Filter>Header Files\gameboy</Filter>
    </ClInclude>
    <ClInclude Include="mainGameboy.h">
      <Filter>Header Files\gameboy</Filter>
    </ClInclude>
  </ItemGroup>
  <ItemGroup>
    <ClCompile Include="main.cpp">
      <Filter>Source Files</Filter>
    </ClCompile>
    <ClCompile Include="chip8.cpp">
      <Filter>Source Files\chip8</Filter>
    </ClCompile>
    <ClCompile Include="mainChip8.cpp">
      <Filter>Source Files\chip8</Filter>
    </ClCompile>
    <ClCompile Include="gameboy.cpp">
      <Filter>Source Files\gameboy</Filter>
    </ClCompile>
    <ClCompile Include="mainGameboy.cpp">
      <Filter>Source Files\gameboy</Filter>
    </ClCompile>
  </ItemGroup>
  <ItemGroup>
    <Xml Include="gameboyOpCodes.xml">
      <Filter>Header Files\gameboy</Filter>
    </Xml>
  </ItemGroup>
  <ItemGroup>
    <None Include="gb.opcode">
      <Filter>Header Files\gameboy</Filter>
    </None>
    <None Include="gb.cpp_example">
      <Filter>Header Files\gameboy</Filter>
    </None>
  </ItemGroup>
  <ItemGroup>
    <Text Include="GB-info.txt">
      <Filter>Resource Files\Gameboy</Filter>
    </Text>
    <Text Include="Info.txt">
      <Filter>Resource Files\General Purpose</Filter>
    </Text>
  </ItemGroup>
</Project>